
Microsoft Visual Studio Solution File, Format Version 12.00
# Visual Studio Version 16
VisualStudioVersion = 25.0.1706.9
MinimumVisualStudioVersion = 10.0.40219.1
Project("{FAE04EC0-301F-11D3-BF4B-00C04F79EFBC}") = "CryptoChanges", "CryptoChanges\CryptoChanges.csproj", "{6C010B0B-53B0-4B23-9444-E982C766BA01}"
EndProject
Global
	GlobalSection(SolutionConfigurationPlatforms) = preSolution
		Debug|Any CPU = Debug|Any CPU
		Release|Any CPU = Release|Any CPU
	EndGlobalSection
	GlobalSection(ProjectConfigurationPlatforms) = postSolution
		{6C010B0B-53B0-4B23-9444-E982C766BA01}.Debug|Any CPU.ActiveCfg = Debug|Any CPU
		{6C010B0B-53B0-4B23-9444-E982C766BA01}.Debug|Any CPU.Build.0 = Debug|Any CPU
		{6C010B0B-53B0-4B23-9444-E982C766BA01}.Release|Any CPU.ActiveCfg = Release|Any CPU
		{6C010B0B-53B0-4B23-9444-E982C766BA01}.Release|Any CPU.Build.0 = Release|Any CPU
	EndGlobalSection
	GlobalSection(SolutionProperties) = preSolution
		HideSolutionNode = FALSE
	EndGlobalSection
	GlobalSection(ExtensibilityGlobals) = postSolution
		SolutionGuid = {ECFF56F2-2A3D-4998-9FE6-FDF5D921C1C9}
	EndGlobalSection
EndGlobal
